
Microsoft Visual Studio Solution File, Format Version 12.00
Project("{2150E333-8FDC-42A3-9474-1A3956D46DE8}") = "source", "source", "{36DC90E0-DB4C-410D-9915-493D6F37F3B9}"
EndProject
Project("{2150E333-8FDC-42A3-9474-1A3956D46DE8}") = "test", "test", "{55B77BBB-2AA7-4C0D-8888-356865EBD910}"
EndProject
Project("{2150E333-8FDC-42A3-9474-1A3956D46DE8}") = "Core", "Core", "{751373FA-A68B-41C6-A819-16B8DF310E5C}"
EndProject
Project("{2150E333-8FDC-42A3-9474-1A3956D46DE8}") = "External", "External", "{C1199703-29AC-4324-B2C3-C06FF16B31F4}"
EndProject
Project("{FAE04EC0-301F-11D3-BF4B-00C04F79EFBC}") = "SimpleAPI.Domain", "SimpleAPI.Domain\SimpleAPI.Domain.csproj", "{1750E387-06D8-4605-B71E-B011D5B546A9}"
EndProject
Project("{FAE04EC0-301F-11D3-BF4B-00C04F79EFBC}") = "SimpleAPI.Application", "SimpleAPI.Application\SimpleAPI.Application.csproj", "{2009E1B5-5BB0-4C9C-A7F0-7F5353F0091A}"
EndProject
Project("{FAE04EC0-301F-11D3-BF4B-00C04F79EFBC}") = "SimpleAPI.Infrastructure", "SimpleAPI.Infrastructure\SimpleAPI.Infrastructure.csproj", "{4F405201-D171-49A4-9EFD-B6B33FB3595C}"
EndProject
Project("{FAE04EC0-301F-11D3-BF4B-00C04F79EFBC}") = "SimpleAPI.Presentation", "SimpleAPI.Presentation\SimpleAPI.Presentation.csproj", "{366FA2E5-96C9-4D95-9558-CFD5EEBC571F}"
EndProject
Project("{FAE04EC0-301F-11D3-BF4B-00C04F79EFBC}") = "SimpleAPI.WebUI", "SimpleAPI.WebUI\SimpleAPI.WebUI.csproj", "{E64505F8-0921-4EC6-9801-ABB8B40BE45B}"
EndProject
Global
	GlobalSection(SolutionConfigurationPlatforms) = preSolution
		Debug|Any CPU = Debug|Any CPU
		Release|Any CPU = Release|Any CPU
	EndGlobalSection
	GlobalSection(NestedProjects) = preSolution
		{751373FA-A68B-41C6-A819-16B8DF310E5C} = {36DC90E0-DB4C-410D-9915-493D6F37F3B9}
		{C1199703-29AC-4324-B2C3-C06FF16B31F4} = {36DC90E0-DB4C-410D-9915-493D6F37F3B9}
		{1750E387-06D8-4605-B71E-B011D5B546A9} = {751373FA-A68B-41C6-A819-16B8DF310E5C}
		{2009E1B5-5BB0-4C9C-A7F0-7F5353F0091A} = {751373FA-A68B-41C6-A819-16B8DF310E5C}
		{4F405201-D171-49A4-9EFD-B6B33FB3595C} = {C1199703-29AC-4324-B2C3-C06FF16B31F4}
		{366FA2E5-96C9-4D95-9558-CFD5EEBC571F} = {C1199703-29AC-4324-B2C3-C06FF16B31F4}
		{E64505F8-0921-4EC6-9801-ABB8B40BE45B} = {C1199703-29AC-4324-B2C3-C06FF16B31F4}
	EndGlobalSection
	GlobalSection(ProjectConfigurationPlatforms) = postSolution
		{1750E387-06D8-4605-B71E-B011D5B546A9}.Debug|Any CPU.ActiveCfg = Debug|Any CPU
		{1750E387-06D8-4605-B71E-B011D5B546A9}.Debug|Any CPU.Build.0 = Debug|Any CPU
		{1750E387-06D8-4605-B71E-B011D5B546A9}.Release|Any CPU.ActiveCfg = Release|Any CPU
		{1750E387-06D8-4605-B71E-B011D5B546A9}.Release|Any CPU.Build.0 = Release|Any CPU
		{2009E1B5-5BB0-4C9C-A7F0-7F5353F0091A}.Debug|Any CPU.ActiveCfg = Debug|Any CPU
		{2009E1B5-5BB0-4C9C-A7F0-7F5353F0091A}.Debug|Any CPU.Build.0 = Debug|Any CPU
		{2009E1B5-5BB0-4C9C-A7F0-7F5353F0091A}.Release|Any CPU.ActiveCfg = Release|Any CPU
		{2009E1B5-5BB0-4C9C-A7F0-7F5353F0091A}.Release|Any CPU.Build.0 = Release|Any CPU
		{4F405201-D171-49A4-9EFD-B6B33FB3595C}.Debug|Any CPU.ActiveCfg = Debug|Any CPU
		{4F405201-D171-49A4-9EFD-B6B33FB3595C}.Debug|Any CPU.Build.0 = Debug|Any CPU
		{4F405201-D171-49A4-9EFD-B6B33FB3595C}.Release|Any CPU.ActiveCfg = Release|Any CPU
		{4F405201-D171-49A4-9EFD-B6B33FB3595C}.Release|Any CPU.Build.0 = Release|Any CPU
		{366FA2E5-96C9-4D95-9558-CFD5EEBC571F}.Debug|Any CPU.ActiveCfg = Debug|Any CPU
		{366FA2E5-96C9-4D95-9558-CFD5EEBC571F}.Debug|Any CPU.Build.0 = Debug|Any CPU
		{366FA2E5-96C9-4D95-9558-CFD5EEBC571F}.Release|Any CPU.ActiveCfg = Release|Any CPU
		{366FA2E5-96C9-4D95-9558-CFD5EEBC571F}.Release|Any CPU.Build.0 = Release|Any CPU
		{E64505F8-0921-4EC6-9801-ABB8B40BE45B}.Debug|Any CPU.ActiveCfg = Debug|Any CPU
		{E64505F8-0921-4EC6-9801-ABB8B40BE45B}.Debug|Any CPU.Build.0 = Debug|Any CPU
		{E64505F8-0921-4EC6-9801-ABB8B40BE45B}.Release|Any CPU.ActiveCfg = Release|Any CPU
		{E64505F8-0921-4EC6-9801-ABB8B40BE45B}.Release|Any CPU.Build.0 = Release|Any CPU
	EndGlobalSection
EndGlobal
